
Microsoft Visual Studio Solution File, Format Version 12.00
# Visual Studio 15
VisualStudioVersion = 15.0.27130.2026
MinimumVisualStudioVersion = 10.0.40219.1
Project("{2150E333-8FDC-42A3-9474-1A3956D46DE8}") = "src", "src", "{0B0416B5-277D-4CA3-8591-31CC383F9E54}"
EndProject
Project("{2150E333-8FDC-42A3-9474-1A3956D46DE8}") = "tests", "tests", "{12BDBD80-BAD3-4E52-BFC0-50F55FB30FF1}"
EndProject
Project("{9A19103F-16F7-4668-BE54-9A1E7A4F7556}") = "Data", "Data\Data.csproj", "{DE08C364-423E-47FB-B2D6-87F44413529A}"
EndProject
Project("{9A19103F-16F7-4668-BE54-9A1E7A4F7556}") = "Bot", "Bot\Bot.csproj", "{C6069991-C2E5-43E1-8C63-8896F8660AF0}"
EndProject
Project("{9A19103F-16F7-4668-BE54-9A1E7A4F7556}") = "ThirdParty", "ThirdParty\ThirdParty.csproj", "{004824E2-0B6C-4C95-B046-8B995C9F3E44}"
EndProject
Project("{9A19103F-16F7-4668-BE54-9A1E7A4F7556}") = "Api", "Api\Api.csproj", "{3A3234F2-7E65-4AE0-B549-60E9643CF74E}"
EndProject
Project("{9A19103F-16F7-4668-BE54-9A1E7A4F7556}") = "Api.Tests", "Api.Tests\Api.Tests.csproj", "{79622D71-8AEC-4C51-A993-79141DE4BCA8}"
EndProject
Project("{9A19103F-16F7-4668-BE54-9A1E7A4F7556}") = "Bot.Tests", "Bot.Tests\Bot.Tests.csproj", "{4DBE7B0C-3F68-4B66-8E70-9116CAFB6BFA}"
EndProject
Project("{9A19103F-16F7-4668-BE54-9A1E7A4F7556}") = "Data.Tests", "Data.Tests\Data.Tests.csproj", "{D12E1B34-614E-415E-A411-CD74539335AD}"
EndProject
Project("{9A19103F-16F7-4668-BE54-9A1E7A4F7556}") = "ThirdParty.Tests", "ThirdParty.Tests\ThirdParty.Tests.csproj", "{67E43D68-7B41-4EF7-9CC9-BB6B1F224ED7}"
EndProject
Project("{FAE04EC0-301F-11D3-BF4B-00C04F79EFBC}") = "Web.Tests", "Web.Tests\Web.Tests.csproj", "{833CDA4A-6420-4BF2-A22A-2677A8F918F8}"
EndProject
Global
	GlobalSection(SolutionConfigurationPlatforms) = preSolution
		Debug|Any CPU = Debug|Any CPU
		Release|Any CPU = Release|Any CPU
	EndGlobalSection
	GlobalSection(ProjectConfigurationPlatforms) = postSolution
		{DE08C364-423E-47FB-B2D6-87F44413529A}.Debug|Any CPU.ActiveCfg = Debug|Any CPU
		{DE08C364-423E-47FB-B2D6-87F44413529A}.Debug|Any CPU.Build.0 = Debug|Any CPU
		{DE08C364-423E-47FB-B2D6-87F44413529A}.Release|Any CPU.ActiveCfg = Release|Any CPU
		{DE08C364-423E-47FB-B2D6-87F44413529A}.Release|Any CPU.Build.0 = Release|Any CPU
		{C6069991-C2E5-43E1-8C63-8896F8660AF0}.Debug|Any CPU.ActiveCfg = Debug|Any CPU
		{C6069991-C2E5-43E1-8C63-8896F8660AF0}.Debug|Any CPU.Build.0 = Debug|Any CPU
		{C6069991-C2E5-43E1-8C63-8896F8660AF0}.Release|Any CPU.ActiveCfg = Release|Any CPU
		{C6069991-C2E5-43E1-8C63-8896F8660AF0}.Release|Any CPU.Build.0 = Release|Any CPU
		{004824E2-0B6C-4C95-B046-8B995C9F3E44}.Debug|Any CPU.ActiveCfg = Debug|Any CPU
		{004824E2-0B6C-4C95-B046-8B995C9F3E44}.Debug|Any CPU.Build.0 = Debug|Any CPU
		{004824E2-0B6C-4C95-B046-8B995C9F3E44}.Release|Any CPU.ActiveCfg = Release|Any CPU
		{004824E2-0B6C-4C95-B046-8B995C9F3E44}.Release|Any CPU.Build.0 = Release|Any CPU
		{3A3234F2-7E65-4AE0-B549-60E9643CF74E}.Debug|Any CPU.ActiveCfg = Debug|Any CPU
		{3A3234F2-7E65-4AE0-B549-60E9643CF74E}.Debug|Any CPU.Build.0 = Debug|Any CPU
		{3A3234F2-7E65-4AE0-B549-60E9643CF74E}.Release|Any CPU.ActiveCfg = Release|Any CPU
		{3A3234F2-7E65-4AE0-B549-60E9643CF74E}.Release|Any CPU.Build.0 = Release|Any CPU
		{79622D71-8AEC-4C51-A993-79141DE4BCA8}.Debug|Any CPU.ActiveCfg = Debug|Any CPU
		{79622D71-8AEC-4C51-A993-79141DE4BCA8}.Debug|Any CPU.Build.0 = Debug|Any CPU
		{79622D71-8AEC-4C51-A993-79141DE4BCA8}.Release|Any CPU.ActiveCfg = Release|Any CPU
		{79622D71-8AEC-4C51-A993-79141DE4BCA8}.Release|Any CPU.Build.0 = Release|Any CPU
		{4DBE7B0C-3F68-4B66-8E70-9116CAFB6BFA}.Debug|Any CPU.ActiveCfg = Debug|Any CPU
		{4DBE7B0C-3F68-4B66-8E70-9116CAFB6BFA}.Debug|Any CPU.Build.0 = Debug|Any CPU
		{4DBE7B0C-3F68-4B66-8E70-9116CAFB6BFA}.Release|Any CPU.ActiveCfg = Release|Any CPU
		{4DBE7B0C-3F68-4B66-8E70-9116CAFB6BFA}.Release|Any CPU.Build.0 = Release|Any CPU
		{D12E1B34-614E-415E-A411-CD74539335AD}.Debug|Any CPU.ActiveCfg = Debug|Any CPU
		{D12E1B34-614E-415E-A411-CD74539335AD}.Debug|Any CPU.Build.0 = Debug|Any CPU
		{D12E1B34-614E-415E-A411-CD74539335AD}.Release|Any CPU.ActiveCfg = Release|Any CPU
		{D12E1B34-614E-415E-A411-CD74539335AD}.Release|Any CPU.Build.0 = Release|Any CPU
		{67E43D68-7B41-4EF7-9CC9-BB6B1F224ED7}.Debug|Any CPU.ActiveCfg = Debug|Any CPU
		{67E43D68-7B41-4EF7-9CC9-BB6B1F224ED7}.Debug|Any CPU.Build.0 = Debug|Any CPU
		{67E43D68-7B41-4EF7-9CC9-BB6B1F224ED7}.Release|Any CPU.ActiveCfg = Release|Any CPU
		{67E43D68-7B41-4EF7-9CC9-BB6B1F224ED7}.Release|Any CPU.Build.0 = Release|Any CPU
		{833CDA4A-6420-4BF2-A22A-2677A8F918F8}.Debug|Any CPU.ActiveCfg = Debug|Any CPU
		{833CDA4A-6420-4BF2-A22A-2677A8F918F8}.Debug|Any CPU.Build.0 = Debug|Any CPU
		{833CDA4A-6420-4BF2-A22A-2677A8F918F8}.Release|Any CPU.ActiveCfg = Release|Any CPU
		{833CDA4A-6420-4BF2-A22A-2677A8F918F8}.Release|Any CPU.Build.0 = Release|Any CPU
	EndGlobalSection
	GlobalSection(SolutionProperties) = preSolution
		HideSolutionNode = FALSE
	EndGlobalSection
	GlobalSection(NestedProjects) = preSolution
		{DE08C364-423E-47FB-B2D6-87F44413529A} = {0B0416B5-277D-4CA3-8591-31CC383F9E54}
		{C6069991-C2E5-43E1-8C63-8896F8660AF0} = {0B0416B5-277D-4CA3-8591-31CC383F9E54}
		{004824E2-0B6C-4C95-B046-8B995C9F3E44} = {0B0416B5-277D-4CA3-8591-31CC383F9E54}
		{3A3234F2-7E65-4AE0-B549-60E9643CF74E} = {0B0416B5-277D-4CA3-8591-31CC383F9E54}
		{79622D71-8AEC-4C51-A993-79141DE4BCA8} = {12BDBD80-BAD3-4E52-BFC0-50F55FB30FF1}
		{4DBE7B0C-3F68-4B66-8E70-9116CAFB6BFA} = {12BDBD80-BAD3-4E52-BFC0-50F55FB30FF1}
		{D12E1B34-614E-415E-A411-CD74539335AD} = {12BDBD80-BAD3-4E52-BFC0-50F55FB30FF1}
		{67E43D68-7B41-4EF7-9CC9-BB6B1F224ED7} = {12BDBD80-BAD3-4E52-BFC0-50F55FB30FF1}
		{833CDA4A-6420-4BF2-A22A-2677A8F918F8} = {12BDBD80-BAD3-4E52-BFC0-50F55FB30FF1}
	EndGlobalSection
	GlobalSection(ExtensibilityGlobals) = postSolution
		SolutionGuid = {4AC6D6E2-B4D0-4D4D-8D18-E2A4A1A5077B}
	EndGlobalSection
EndGlobal
